
Microsoft Visual Studio Solution File, Format Version 12.00
# Visual Studio Version 17
VisualStudioVersion = 17.10.35027.167
MinimumVisualStudioVersion = 10.0.40219.1
Project("{9A19103F-16F7-4668-BE54-9A1E7A4F7556}") = "online-shoping-app.web", "online-shoping-app.web\online-shoping-app.web.csproj", "{19BB76C4-1B22-41B9-ADC4-75894E9784BC}"
EndProject
Project("{9A19103F-16F7-4668-BE54-9A1E7A4F7556}") = "online-shoping-app.Api", "online-shoping-app.Api\online-shoping-app.Api.csproj", "{39A20100-40CA-4840-9507-76BF1EEA85A5}"
EndProject
Project("{9A19103F-16F7-4668-BE54-9A1E7A4F7556}") = "online-shoping.Models", "online-shoping.Models\online-shoping.Models.csproj", "{179C74A1-5604-4131-9E7E-98ADCF1E7500}"
EndProject
Global
	GlobalSection(SolutionConfigurationPlatforms) = preSolution
		Debug|Any CPU = Debug|Any CPU
		Release|Any CPU = Release|Any CPU
	EndGlobalSection
	GlobalSection(ProjectConfigurationPlatforms) = postSolution
		{19BB76C4-1B22-41B9-ADC4-75894E9784BC}.Debug|Any CPU.ActiveCfg = Debug|Any CPU
		{19BB76C4-1B22-41B9-ADC4-75894E9784BC}.Debug|Any CPU.Build.0 = Debug|Any CPU
		{19BB76C4-1B22-41B9-ADC4-75894E9784BC}.Release|Any CPU.ActiveCfg = Release|Any CPU
		{19BB76C4-1B22-41B9-ADC4-75894E9784BC}.Release|Any CPU.Build.0 = Release|Any CPU
		{39A20100-40CA-4840-9507-76BF1EEA85A5}.Debug|Any CPU.ActiveCfg = Debug|Any CPU
		{39A20100-40CA-4840-9507-76BF1EEA85A5}.Debug|Any CPU.Build.0 = Debug|Any CPU
		{39A20100-40CA-4840-9507-76BF1EEA85A5}.Release|Any CPU.ActiveCfg = Release|Any CPU
		{39A20100-40CA-4840-9507-76BF1EEA85A5}.Release|Any CPU.Build.0 = Release|Any CPU
		{179C74A1-5604-4131-9E7E-98ADCF1E7500}.Debug|Any CPU.ActiveCfg = Debug|Any CPU
		{179C74A1-5604-4131-9E7E-98ADCF1E7500}.Debug|Any CPU.Build.0 = Debug|Any CPU
		{179C74A1-5604-4131-9E7E-98ADCF1E7500}.Release|Any CPU.ActiveCfg = Release|Any CPU
		{179C74A1-5604-4131-9E7E-98ADCF1E7500}.Release|Any CPU.Build.0 = Release|Any CPU
	EndGlobalSection
	GlobalSection(SolutionProperties) = preSolution
		HideSolutionNode = FALSE
	EndGlobalSection
	GlobalSection(ExtensibilityGlobals) = postSolution
		SolutionGuid = {F20D53A9-8666-4374-97D1-FEB06D64B162}
	EndGlobalSection
EndGlobal
